
Microsoft Visual Studio Solution File, Format Version 12.00
# Visual Studio Version 16
VisualStudioVersion = 16.0.29519.87
MinimumVisualStudioVersion = 10.0.40219.1
Project("{FAE04EC0-301F-11D3-BF4B-00C04F79EFBC}") = "ExInterface", "ExInterface\ExInterface.csproj", "{D4CB32BB-5B91-4341-9B3B-C1F5A8D0FCCA}"
EndProject
Global
	GlobalSection(SolutionConfigurationPlatforms) = preSolution
		Debug|Any CPU = Debug|Any CPU
		Release|Any CPU = Release|Any CPU
	EndGlobalSection
	GlobalSection(ProjectConfigurationPlatforms) = postSolution
		{D4CB32BB-5B91-4341-9B3B-C1F5A8D0FCCA}.Debug|Any CPU.ActiveCfg = Debug|Any CPU
		{D4CB32BB-5B91-4341-9B3B-C1F5A8D0FCCA}.Debug|Any CPU.Build.0 = Debug|Any CPU
		{D4CB32BB-5B91-4341-9B3B-C1F5A8D0FCCA}.Release|Any CPU.ActiveCfg = Release|Any CPU
		{D4CB32BB-5B91-4341-9B3B-C1F5A8D0FCCA}.Release|Any CPU.Build.0 = Release|Any CPU
	EndGlobalSection
	GlobalSection(SolutionProperties) = preSolution
		HideSolutionNode = FALSE
	EndGlobalSection
	GlobalSection(ExtensibilityGlobals) = postSolution
		SolutionGuid = {2B2304DB-3E13-4E13-89FF-6E4AA9DE2D61}
	EndGlobalSection
EndGlobal
